
Microsoft Visual Studio Solution File, Format Version 12.00
# Visual Studio Version 17
VisualStudioVersion = 17.10.34916.146
MinimumVisualStudioVersion = 10.0.40219.1
Project("{FAE04EC0-301F-11D3-BF4B-00C04F79EFBC}") = "LAB3_VARIANT5_OOP", "LAB3_VARIANT5_OOP\LAB3_VARIANT5_OOP.csproj", "{05898971-7AF4-48F4-823D-7930707857C7}"
EndProject
Global
	GlobalSection(SolutionConfigurationPlatforms) = preSolution
		Debug|Any CPU = Debug|Any CPU
		Release|Any CPU = Release|Any CPU
	EndGlobalSection
	GlobalSection(ProjectConfigurationPlatforms) = postSolution
		{05898971-7AF4-48F4-823D-7930707857C7}.Debug|Any CPU.ActiveCfg = Debug|Any CPU
		{05898971-7AF4-48F4-823D-7930707857C7}.Debug|Any CPU.Build.0 = Debug|Any CPU
		{05898971-7AF4-48F4-823D-7930707857C7}.Release|Any CPU.ActiveCfg = Release|Any CPU
		{05898971-7AF4-48F4-823D-7930707857C7}.Release|Any CPU.Build.0 = Release|Any CPU
	EndGlobalSection
	GlobalSection(SolutionProperties) = preSolution
		HideSolutionNode = FALSE
	EndGlobalSection
	GlobalSection(ExtensibilityGlobals) = postSolution
		SolutionGuid = {508CC391-6BBD-484D-9587-1B9D2267006B}
	EndGlobalSection
EndGlobal
